
Microsoft Visual Studio Solution File, Format Version 12.00
# Visual Studio Version 16
VisualStudioVersion = 16.0.31829.152
MinimumVisualStudioVersion = 10.0.40219.1
Project("{FAE04EC0-301F-11D3-BF4B-00C04F79EFBC}") = "Задание 20", "Задание 20\Задание 20.csproj", "{22EA2274-7BCA-4E77-831D-8FE03652F812}"
EndProject
Global
	GlobalSection(SolutionConfigurationPlatforms) = preSolution
		Debug|Any CPU = Debug|Any CPU
		Release|Any CPU = Release|Any CPU
	EndGlobalSection
	GlobalSection(ProjectConfigurationPlatforms) = postSolution
		{22EA2274-7BCA-4E77-831D-8FE03652F812}.Debug|Any CPU.ActiveCfg = Debug|Any CPU
		{22EA2274-7BCA-4E77-831D-8FE03652F812}.Debug|Any CPU.Build.0 = Debug|Any CPU
		{22EA2274-7BCA-4E77-831D-8FE03652F812}.Release|Any CPU.ActiveCfg = Release|Any CPU
		{22EA2274-7BCA-4E77-831D-8FE03652F812}.Release|Any CPU.Build.0 = Release|Any CPU
	EndGlobalSection
	GlobalSection(SolutionProperties) = preSolution
		HideSolutionNode = FALSE
	EndGlobalSection
	GlobalSection(ExtensibilityGlobals) = postSolution
		SolutionGuid = {6C0FEE0E-508A-4706-B69E-D271B04AAC30}
	EndGlobalSection
EndGlobal
